<?xml version="1.0" encoding="utf-8"?>
<Project ToolsVersion="4.0" xmlns="http://schemas.microsoft.com/developer/msbuild/2003">
  <ItemGroup>
    <Filter Include="Source Files">
      <UniqueIdentifier>{4FC737F1-C7A5-4376-A066-2A32D752A2FF}</UniqueIdentifier>
      <Extensions>cpp;c;cc;cxx;c++;cppm;ixx;def;odl;idl;hpj;bat;asm;asmx</Extensions>
    </Filter>
    <Filter Include="Header Files">
      <UniqueIdentifier>{93995380-89BD-4b04-88EB-625FBE52EBFB}</UniqueIdentifier>
      <Extensions>h;hh;hpp;hxx;h++;hm;inl;inc;ipp;xsd</Extensions>
    </Filter>
    <Filter Include="Resource Files">
      <UniqueIdentifier>{67DA6AB6-F800-4c08-8B7A-83BB121AAD01}</UniqueIdentifier>
      <Extensions>rc;ico;cur;bmp;dlg;rc2;rct;bin;rgs;gif;jpg;jpeg;jpe;resx;tiff;tif;png;wav;mfcribbon-ms</Extensions>
    </Filter>
    <Filter Include="Resource Files\Blue Cards">
      <UniqueIdentifier>{7b5270f0-c3d2-4c5f-8fde-7ee97e5183e2}</UniqueIdentifier>
    </Filter>
    <Filter Include="Resource Files\Green Cards">
      <UniqueIdentifier>{81179041-ac52-482a-bd8b-41112da2be74}</UniqueIdentifier>
    </Filter>
    <Filter Include="Resource Files\Wild Cards">
      <UniqueIdentifier>{ebbc16d1-36bd-47ba-a0ff-fdeea99ac001}</UniqueIdentifier>
    </Filter>
    <Filter Include="Resource Files\Yellow Cards">
      <UniqueIdentifier>{37fb5f77-0c54-4350-b8de-a7616da4020a}</UniqueIdentifier>
    </Filter>
    <Filter Include="Resource Files\Red Cards">
      <UniqueIdentifier>{d2dfd937-91fc-4a7b-92d6-ded8fbe1887e}</UniqueIdentifier>
    </Filter>
  </ItemGroup>
  <ItemGroup>
    <ClCompile Include="src\Card.cpp">
      <Filter>Source Files</Filter>
    </ClCompile>
    <ClCompile Include="src\Deck.cpp">
      <Filter>Source Files</Filter>
    </ClCompile>
    <ClCompile Include="src\Game.cpp">
      <Filter>Source Files</Filter>
    </ClCompile>
    <ClCompile Include="src\main.cpp">
      <Filter>Source Files</Filter>
    </ClCompile>
  </ItemGroup>
  <ItemGroup>
    <Image Include="Uno Cards\Blue\B.Zero.png">
      <Filter>Resource Files\Blue Cards</Filter>
    </Image>
    <Image Include="Uno Cards\Blue\B.One.png">
      <Filter>Resource Files\Blue Cards</Filter>
    </Image>
    <Image Include="Uno Cards\Blue\B.Two.png">
      <Filter>Resource Files\Blue Cards</Filter>
    </Image>
    <Image Include="Uno Cards\Blue\B.Three.png">
      <Filter>Resource Files\Blue Cards</Filter>
    </Image>
    <Image Include="Uno Cards\Blue\B.Four.png">
      <Filter>Resource Files\Blue Cards</Filter>
    </Image>
    <Image Include="Uno Cards\Blue\B.Five.png">
      <Filter>Resource Files\Blue Cards</Filter>
    </Image>
    <Image Include="Uno Cards\Blue\B.Six.png">
      <Filter>Resource Files\Blue Cards</Filter>
    </Image>
    <Image Include="Uno Cards\Blue\B.Seven.png">
      <Filter>Resource Files\Blue Cards</Filter>
    </Image>
    <Image Include="Uno Cards\Blue\B.Eight.png">
      <Filter>Resource Files\Blue Cards</Filter>
    </Image>
    <Image Include="Uno Cards\Blue\B.Nine.png">
      <Filter>Resource Files\Blue Cards</Filter>
    </Image>
    <Image Include="Uno Cards\Blue\B.PlusTwo.png">
      <Filter>Resource Files\Blue Cards</Filter>
    </Image>
    <Image Include="Uno Cards\Blue\B.Reverse.png">
      <Filter>Resource Files\Blue Cards</Filter>
    </Image>
    <Image Include="Uno Cards\Blue\B.Skip.png">
      <Filter>Resource Files\Blue Cards</Filter>
    </Image>
    <Image Include="Uno Cards\Red\R.One.png">
      <Filter>Resource Files\Red Cards</Filter>
    </Image>
    <Image Include="Uno Cards\Red\R.Two.png">
      <Filter>Resource Files\Red Cards</Filter>
    </Image>
    <Image Include="Uno Cards\Red\R.Three.png">
      <Filter>Resource Files\Red Cards</Filter>
    </Image>
    <Image Include="Uno Cards\Red\R.Four.png">
      <Filter>Resource Files\Red Cards</Filter>
    </Image>
    <Image Include="Uno Cards\Red\R.Five.png">
      <Filter>Resource Files\Red Cards</Filter>
    </Image>
    <Image Include="Uno Cards\Red\R.Six.png">
      <Filter>Resource Files\Red Cards</Filter>
    </Image>
    <Image Include="Uno Cards\Red\R.Seven.png">
      <Filter>Resource Files\Red Cards</Filter>
    </Image>
    <Image Include="Uno Cards\Red\R.Nine.png">
      <Filter>Resource Files\Red Cards</Filter>
    </Image>
    <Image Include="Uno Cards\Red\R.PlusTwo.png">
      <Filter>Resource Files\Red Cards</Filter>
    </Image>
    <Image Include="Uno Cards\Red\R.Reverse.png">
      <Filter>Resource Files\Red Cards</Filter>
    </Image>
    <Image Include="Uno Cards\Red\R.Skip.png">
      <Filter>Resource Files\Red Cards</Filter>
    </Image>
    <Image Include="Uno Cards\Yellow\Y.Zero.png">
      <Filter>Resource Files\Yellow Cards</Filter>
    </Image>
    <Image Include="Uno Cards\Yellow\Y.One.png">
      <Filter>Resource Files\Yellow Cards</Filter>
    </Image>
    <Image Include="Uno Cards\Yellow\Y.Two.png">
      <Filter>Resource Files\Yellow Cards</Filter>
    </Image>
    <Image Include="Uno Cards\Yellow\Y.Three.png">
      <Filter>Resource Files\Yellow Cards</Filter>
    </Image>
    <Image Include="Uno Cards\Yellow\Y.Four.png">
      <Filter>Resource Files\Yellow Cards</Filter>
    </Image>
    <Image Include="Uno Cards\Yellow\Y.Five.png">
      <Filter>Resource Files\Yellow Cards</Filter>
    </Image>
    <Image Include="Uno Cards\Yellow\Y.Six.png">
      <Filter>Resource Files\Yellow Cards</Filter>
    </Image>
    <Image Include="Uno Cards\Yellow\Y.Seven.png">
      <Filter>Resource Files\Yellow Cards</Filter>
    </Image>
    <Image Include="Uno Cards\Yellow\Y.Eight.png">
      <Filter>Resource Files\Yellow Cards</Filter>
    </Image>
    <Image Include="Uno Cards\Yellow\Y.Nine.png">
      <Filter>Resource Files\Yellow Cards</Filter>
    </Image>
    <Image Include="Uno Cards\Yellow\Y.PlusTwo.png">
      <Filter>Resource Files\Yellow Cards</Filter>
    </Image>
    <Image Include="Uno Cards\Yellow\Y.Reverse.png">
      <Filter>Resource Files\Yellow Cards</Filter>
    </Image>
    <Image Include="Uno Cards\Yellow\Y.Skip.png">
      <Filter>Resource Files\Yellow Cards</Filter>
    </Image>
    <Image Include="Uno Cards\Green\G.Zero.png">
      <Filter>Resource Files\Green Cards</Filter>
    </Image>
    <Image Include="Uno Cards\Green\G.One.png">
      <Filter>Resource Files\Green Cards</Filter>
    </Image>
    <Image Include="Uno Cards\Green\G.Two.png">
      <Filter>Resource Files\Green Cards</Filter>
    </Image>
    <Image Include="Uno Cards\Green\G.Three.png">
      <Filter>Resource Files\Green Cards</Filter>
    </Image>
    <Image Include="Uno Cards\Green\G.Four.png">
      <Filter>Resource Files\Green Cards</Filter>
    </Image>
    <Image Include="Uno Cards\Green\G.Five.png">
      <Filter>Resource Files\Green Cards</Filter>
    </Image>
    <Image Include="Uno Cards\Green\G.Six.png">
      <Filter>Resource Files\Green Cards</Filter>
    </Image>
    <Image Include="Uno Cards\Green\G.Seven.png">
      <Filter>Resource Files\Green Cards</Filter>
    </Image>
    <Image Include="Uno Cards\Green\G.Eight.png">
      <Filter>Resource Files\Green Cards</Filter>
    </Image>
    <Image Include="Uno Cards\Green\G.Nine.png">
      <Filter>Resource Files\Green Cards</Filter>
    </Image>
    <Image Include="Uno Cards\Green\G.PlusTwo.png">
      <Filter>Resource Files\Green Cards</Filter>
    </Image>
    <Image Include="Uno Cards\Green\G.Reverse.png">
      <Filter>Resource Files\Green Cards</Filter>
    </Image>
    <Image Include="Uno Cards\Green\G.Skip.png">
      <Filter>Resource Files\Green Cards</Filter>
    </Image>
    <Image Include="Uno Cards\Wild\WildCard.png">
      <Filter>Resource Files\Wild Cards</Filter>
    </Image>
    <Image Include="Uno Cards\Wild\WildPlusFour.png">
      <Filter>Resource Files\Wild Cards</Filter>
    </Image>
    <Image Include="Uno Cards\Red\R.Zero.png">
      <Filter>Resource Files\Red Cards</Filter>
    </Image>
    <Image Include="Uno Cards\Red\R.Eight.png">
      <Filter>Resource Files\Red Cards</Filter>
    </Image>
  </ItemGroup>
  <ItemGroup>
    <ClInclude Include="include\Card.hpp">
      <Filter>Header Files</Filter>
    </ClInclude>
    <ClInclude Include="include\Color.hpp">
      <Filter>Header Files</Filter>
    </ClInclude>
    <ClInclude Include="include\Deck.hpp">
      <Filter>Header Files</Filter>
    </ClInclude>
    <ClInclude Include="include\Errors.hpp">
      <Filter>Header Files</Filter>
    </ClInclude>
    <ClInclude Include="include\Game.hpp">
      <Filter>Header Files</Filter>
    </ClInclude>
    <ClInclude Include="include\Player.hpp">
      <Filter>Header Files</Filter>
    </ClInclude>
    <ClInclude Include="include\Shortcuts.hpp">
      <Filter>Header Files</Filter>
    </ClInclude>
  </ItemGroup>
  <ItemGroup>
    <None Include="include\Ideas.bat">
      <Filter>Header Files</Filter>
    </None>
  </ItemGroup>
</Project>